
Microsoft Visual Studio Solution File, Format Version 12.00
# Visual Studio Version 17
VisualStudioVersion = 17.8.34511.84
MinimumVisualStudioVersion = 10.0.40219.1
Project("{FAE04EC0-301F-11D3-BF4B-00C04F79EFBC}") = "lezione65z", "lezione65z.csproj", "{93530D47-87DA-4864-AE2C-9424AC6751DC}"
EndProject
Global
	GlobalSection(SolutionConfigurationPlatforms) = preSolution
		Debug|Any CPU = Debug|Any CPU
		Release|Any CPU = Release|Any CPU
	EndGlobalSection
	GlobalSection(ProjectConfigurationPlatforms) = postSolution
		{93530D47-87DA-4864-AE2C-9424AC6751DC}.Debug|Any CPU.ActiveCfg = Debug|Any CPU
		{93530D47-87DA-4864-AE2C-9424AC6751DC}.Debug|Any CPU.Build.0 = Debug|Any CPU
		{93530D47-87DA-4864-AE2C-9424AC6751DC}.Release|Any CPU.ActiveCfg = Release|Any CPU
		{93530D47-87DA-4864-AE2C-9424AC6751DC}.Release|Any CPU.Build.0 = Release|Any CPU
	EndGlobalSection
	GlobalSection(SolutionProperties) = preSolution
		HideSolutionNode = FALSE
	EndGlobalSection
	GlobalSection(ExtensibilityGlobals) = postSolution
		SolutionGuid = {E718682D-9452-4732-A052-BB39699BF76C}
	EndGlobalSection
EndGlobal
